
Microsoft Visual Studio Solution File, Format Version 12.00
# Visual Studio Version 17
VisualStudioVersion = 17.3.32929.385
MinimumVisualStudioVersion = 10.0.40219.1
Project("{9A19103F-16F7-4668-BE54-9A1E7A4F7556}") = "dataset", "dataset\dataset.csproj", "{36F826DC-831A-4DE4-B73D-8852B32A1BFB}"
EndProject
Global
	GlobalSection(SolutionConfigurationPlatforms) = preSolution
		Debug|Any CPU = Debug|Any CPU
		Release|Any CPU = Release|Any CPU
	EndGlobalSection
	GlobalSection(ProjectConfigurationPlatforms) = postSolution
		{36F826DC-831A-4DE4-B73D-8852B32A1BFB}.Debug|Any CPU.ActiveCfg = Debug|Any CPU
		{36F826DC-831A-4DE4-B73D-8852B32A1BFB}.Debug|Any CPU.Build.0 = Debug|Any CPU
		{36F826DC-831A-4DE4-B73D-8852B32A1BFB}.Release|Any CPU.ActiveCfg = Release|Any CPU
		{36F826DC-831A-4DE4-B73D-8852B32A1BFB}.Release|Any CPU.Build.0 = Release|Any CPU
	EndGlobalSection
	GlobalSection(SolutionProperties) = preSolution
		HideSolutionNode = FALSE
	EndGlobalSection
	GlobalSection(ExtensibilityGlobals) = postSolution
		SolutionGuid = {F6A588E9-36A2-4E18-95FC-D4EA48C5AC1F}
	EndGlobalSection
EndGlobal
